
Microsoft Visual Studio Solution File, Format Version 12.00
# Visual Studio 15
VisualStudioVersion = 15.0.26124.0
MinimumVisualStudioVersion = 15.0.26124.0
Project("{2150E333-8FDC-42A3-9474-1A3956D46DE8}") = "src", "src", "{A6562098-4E56-4C64-99DA-E74CE6C6FADC}"
EndProject
Project("{FAE04EC0-301F-11D3-BF4B-00C04F79EFBC}") = "Songbird.Web", "src\Songbird.Web\Songbird.Web.csproj", "{C3C06E0F-C4A8-4D09-A07F-297C5C1AF690}"
EndProject
Project("{2150E333-8FDC-42A3-9474-1A3956D46DE8}") = "test", "test", "{C1DAB3A0-0579-4E33-B233-9EB0A62A7685}"
EndProject
Project("{FAE04EC0-301F-11D3-BF4B-00C04F79EFBC}") = "Songbird.Web.Tests", "test\Songbird.Web.Tests\Songbird.Web.Tests.csproj", "{80156441-58A7-47B3-8450-30B99DEA9CE9}"
EndProject
Global
	GlobalSection(SolutionConfigurationPlatforms) = preSolution
		Debug|Any CPU = Debug|Any CPU
		Debug|x64 = Debug|x64
		Debug|x86 = Debug|x86
		Release|Any CPU = Release|Any CPU
		Release|x64 = Release|x64
		Release|x86 = Release|x86
	EndGlobalSection
	GlobalSection(SolutionProperties) = preSolution
		HideSolutionNode = FALSE
	EndGlobalSection
	GlobalSection(ProjectConfigurationPlatforms) = postSolution
		{C3C06E0F-C4A8-4D09-A07F-297C5C1AF690}.Debug|Any CPU.ActiveCfg = Debug|Any CPU
		{C3C06E0F-C4A8-4D09-A07F-297C5C1AF690}.Debug|Any CPU.Build.0 = Debug|Any CPU
		{C3C06E0F-C4A8-4D09-A07F-297C5C1AF690}.Debug|x64.ActiveCfg = Debug|Any CPU
		{C3C06E0F-C4A8-4D09-A07F-297C5C1AF690}.Debug|x64.Build.0 = Debug|Any CPU
		{C3C06E0F-C4A8-4D09-A07F-297C5C1AF690}.Debug|x86.ActiveCfg = Debug|Any CPU
		{C3C06E0F-C4A8-4D09-A07F-297C5C1AF690}.Debug|x86.Build.0 = Debug|Any CPU
		{C3C06E0F-C4A8-4D09-A07F-297C5C1AF690}.Release|Any CPU.ActiveCfg = Release|Any CPU
		{C3C06E0F-C4A8-4D09-A07F-297C5C1AF690}.Release|Any CPU.Build.0 = Release|Any CPU
		{C3C06E0F-C4A8-4D09-A07F-297C5C1AF690}.Release|x64.ActiveCfg = Release|Any CPU
		{C3C06E0F-C4A8-4D09-A07F-297C5C1AF690}.Release|x64.Build.0 = Release|Any CPU
		{C3C06E0F-C4A8-4D09-A07F-297C5C1AF690}.Release|x86.ActiveCfg = Release|Any CPU
		{C3C06E0F-C4A8-4D09-A07F-297C5C1AF690}.Release|x86.Build.0 = Release|Any CPU
		{80156441-58A7-47B3-8450-30B99DEA9CE9}.Debug|Any CPU.ActiveCfg = Debug|Any CPU
		{80156441-58A7-47B3-8450-30B99DEA9CE9}.Debug|Any CPU.Build.0 = Debug|Any CPU
		{80156441-58A7-47B3-8450-30B99DEA9CE9}.Debug|x64.ActiveCfg = Debug|Any CPU
		{80156441-58A7-47B3-8450-30B99DEA9CE9}.Debug|x64.Build.0 = Debug|Any CPU
		{80156441-58A7-47B3-8450-30B99DEA9CE9}.Debug|x86.ActiveCfg = Debug|Any CPU
		{80156441-58A7-47B3-8450-30B99DEA9CE9}.Debug|x86.Build.0 = Debug|Any CPU
		{80156441-58A7-47B3-8450-30B99DEA9CE9}.Release|Any CPU.ActiveCfg = Release|Any CPU
		{80156441-58A7-47B3-8450-30B99DEA9CE9}.Release|Any CPU.Build.0 = Release|Any CPU
		{80156441-58A7-47B3-8450-30B99DEA9CE9}.Release|x64.ActiveCfg = Release|Any CPU
		{80156441-58A7-47B3-8450-30B99DEA9CE9}.Release|x64.Build.0 = Release|Any CPU
		{80156441-58A7-47B3-8450-30B99DEA9CE9}.Release|x86.ActiveCfg = Release|Any CPU
		{80156441-58A7-47B3-8450-30B99DEA9CE9}.Release|x86.Build.0 = Release|Any CPU
	EndGlobalSection
	GlobalSection(NestedProjects) = preSolution
		{C3C06E0F-C4A8-4D09-A07F-297C5C1AF690} = {A6562098-4E56-4C64-99DA-E74CE6C6FADC}
		{80156441-58A7-47B3-8450-30B99DEA9CE9} = {C1DAB3A0-0579-4E33-B233-9EB0A62A7685}
	EndGlobalSection
EndGlobal
